Microsoft Visual Studio Solution File, Format Version 12.00
# Visual Studio Version 17
VisualStudioVersion = 17.5.2.0
MinimumVisualStudioVersion = 10.0.40219.1
Project("{FAE04EC0-301F-11D3-BF4B-00C04F79EFBC}") = "PokemonBattleApi", "PokemonBattleApi.csproj", "{428BE3FE-B81F-1CA4-4AB9-C1718829361D}"
EndProject
Global
	GlobalSection(SolutionConfigurationPlatforms) = preSolution
		Debug|Any CPU = Debug|Any CPU
		Release|Any CPU = Release|Any CPU
	EndGlobalSection
	GlobalSection(ProjectConfigurationPlatforms) = postSolution
		{428BE3FE-B81F-1CA4-4AB9-C1718829361D}.Debug|Any CPU.ActiveCfg = Debug|Any CPU
		{428BE3FE-B81F-1CA4-4AB9-C1718829361D}.Debug|Any CPU.Build.0 = Debug|Any CPU
		{428BE3FE-B81F-1CA4-4AB9-C1718829361D}.Release|Any CPU.ActiveCfg = Release|Any CPU
		{428BE3FE-B81F-1CA4-4AB9-C1718829361D}.Release|Any CPU.Build.0 = Release|Any CPU
	EndGlobalSection
	GlobalSection(SolutionProperties) = preSolution
		HideSolutionNode = FALSE
	EndGlobalSection
	GlobalSection(ExtensibilityGlobals) = postSolution
		SolutionGuid = {3060704B-ABA8-4749-9902-5C18016C0F4C}
	EndGlobalSection
EndGlobal
